# THIS IS AN AUTOGENERATED FILE. DO NOT EDIT THIS FILE DIRECTLY.
assets/ajax-cart.js.liquid:
  production: 2018-07-18T15:15:03+01:00   60b0818be79d290d9b637dbebe61c981
  trnd-mvp: 2018-07-23T06:09:29-04:00   60b0818be79d290d9b637dbebe61c981
assets/app.js:
  trnd-mvp: 2018-07-25T07:34:36-04:00   684fa70d9f5163f2d043b8d93a381591
assets/delivery-logo-caviar.png:
  production: 2018-07-09T19:44:15+01:00   952be220644ab8528f8333f5ba0a078d
  trnd-mvp: 2018-07-18T09:20:03-04:00   952be220644ab8528f8333f5ba0a078d
assets/delivery-logo-deliveroo.png:
  production: 2018-07-09T19:44:15+01:00   81fb64e3da6d758888f9a1b1be50b304
  trnd-mvp: 2018-07-18T09:19:36-04:00   81fb64e3da6d758888f9a1b1be50b304
assets/delivery-logo-doordash.png:
  production: 2018-07-09T19:44:15+01:00   554b46ee77d07f5a73add13df7188c61
  trnd-mvp: 2018-07-18T09:20:10-04:00   554b46ee77d07f5a73add13df7188c61
assets/delivery-logo-drizly.png:
  production: 2018-07-09T19:44:15+01:00   9d50d51ea00e970c2823716be9433de7
  trnd-mvp: 2018-07-18T09:20:01-04:00   9d50d51ea00e970c2823716be9433de7
assets/delivery-logo-eat24.png:
  production: 2018-07-09T19:44:15+01:00   0b0ce2c2eac02fc24983238653f0b585
  trnd-mvp: 2018-07-18T09:19:53-04:00   0b0ce2c2eac02fc24983238653f0b585
assets/delivery-logo-favour.png:
  production: 2018-07-09T19:44:15+01:00   c5304b39477622d92b0ded58b8102218
  trnd-mvp: 2018-07-18T09:19:55-04:00   c5304b39477622d92b0ded58b8102218
assets/delivery-logo-instacart.png:
  production: 2018-07-09T19:44:15+01:00   c8980a096ec24b956ca74596cd38567d
  trnd-mvp: 2018-07-18T09:20:12-04:00   c8980a096ec24b956ca74596cd38567d
assets/delivery-logo-just-eat.png:
  production: 2018-07-09T19:44:15+01:00   4a8b557b0db31321ece2dc5d440ec51e
  trnd-mvp: 2018-07-18T09:20:06-04:00   4a8b557b0db31321ece2dc5d440ec51e
assets/delivery-logo-postmates.png:
  production: 2018-07-09T19:44:16+01:00   dbac7d69f79d69a4ad2a705a9c9806f5
  trnd-mvp: 2018-07-18T09:20:04-04:00   dbac7d69f79d69a4ad2a705a9c9806f5
assets/delivery-logo-prime-now.png:
  production: 2018-07-09T19:44:16+01:00   5321a21a126656c28ecb192ac1e7aea4
  trnd-mvp: 2018-07-18T09:20:08-04:00   5321a21a126656c28ecb192ac1e7aea4
assets/delivery-logo-uber-eats.png:
  production: 2018-07-09T19:44:16+01:00   a1e157a797b6bb80b5ea5a14db783ed3
  trnd-mvp: 2018-07-18T09:20:01-04:00   a1e157a797b6bb80b5ea5a14db783ed3
assets/gift-card.scss.liquid:
  production: 2018-07-09T19:44:16+01:00   008b492ed2b9daaf77a14650a12d1e51
  trnd-mvp: 2018-07-18T09:20:11-04:00   008b492ed2b9daaf77a14650a12d1e51
assets/icons:
  production: 2018-07-17T10:32:30+01:00
  trnd-mvp: 2018-07-23T06:09:34-04:00
assets/jquery.currencies.min.js:
  production: 2018-07-09T19:44:16+01:00   6f08fe36050aa0335751c4913f21a0f1
  trnd-mvp: 2018-07-18T09:20:01-04:00   6f08fe36050aa0335751c4913f21a0f1
assets/main.js.liquid:
  production: 2018-07-23T17:00:01+01:00   c4b192008830ca1ee43192d0f38264e0
  trnd-mvp: 2018-07-23T11:57:19-04:00   c4b192008830ca1ee43192d0f38264e0
assets/main.scss.liquid:
  production: 2018-07-23T17:06:25+01:00   ba78a68d2591e949e2bef6895643ba23
  trnd-mvp: 2018-07-23T12:06:23-04:00   ba78a68d2591e949e2bef6895643ba23
assets/password.js.liquid:
  production: 2018-07-09T19:44:17+01:00   d5b0b4192b988c60cdfb399bf4a3646a
  trnd-mvp: 2018-07-18T09:19:35-04:00   d5b0b4192b988c60cdfb399bf4a3646a
assets/plugins-top.js.liquid:
  production: 2018-07-09T19:44:17+01:00   1259c7178500e4cdc2e92129c844b2af
  trnd-mvp: 2018-07-18T09:20:15-04:00   1259c7178500e4cdc2e92129c844b2af
assets/plugins.js.liquid:
  production: 2018-07-17T12:53:47+01:00   d79322a08092cd725aa52bfa8e370465
  trnd-mvp: 2018-07-18T09:20:09-04:00   d79322a08092cd725aa52bfa8e370465
assets/sb-icons.eot:
  production: 2018-07-09T19:44:17+01:00   c6440b6f153d26c5388b214e17f5bae4
  trnd-mvp: 2018-07-18T09:20:04-04:00   c6440b6f153d26c5388b214e17f5bae4
assets/share.svg:
  production: 2018-07-17T10:45:19+01:00   b0176ad23e149eb8b7dec273ed34d6d8
  trnd-mvp: 2018-07-23T06:09:25-04:00   b0176ad23e149eb8b7dec273ed34d6d8
config/settings_data.json:
  trnd-mvp: 2018-07-18T09:27:55-04:00   3b4a092918aacce55c15e9a7135a3ff6
config/settings_schema.json:
  production: 2018-07-20T16:22:39+01:00   c2850a0f01a7e8bfc539a7907dd6bb5a
  trnd-mvp: 2018-07-23T06:09:32-04:00   c2850a0f01a7e8bfc539a7907dd6bb5a
layout/gift_card.liquid:
  production: 2018-07-09T19:44:17+01:00   e3cf6dc4cbdb48cbea5110b35c32c75a
  trnd-mvp: 2018-07-18T09:20:11-04:00   e3cf6dc4cbdb48cbea5110b35c32c75a
layout/password.liquid:
  production: 2018-07-09T19:44:17+01:00   ed60d4f58539c2219260c0aa54953cf5
  trnd-mvp: 2018-07-18T09:19:44-04:00   ed60d4f58539c2219260c0aa54953cf5
layout/theme.liquid:
  production: 2018-07-20T21:25:21+01:00   30663e0a17a64c5558a18ac30199c72f
  trnd-mvp: 2018-07-25T07:44:47-04:00   2507ec35bb6f7a6b4e3f4b30274ba2f3
locales/de.json:
  production: 2018-07-09T19:44:17+01:00   c49286b9c3cdfd4d9c363ab7b26803cf
  trnd-mvp: 2018-07-18T09:20:14-04:00   c49286b9c3cdfd4d9c363ab7b26803cf
locales/en.default.json:
  production: 2018-07-09T19:44:17+01:00   d5a62a09ed5461dc98994e9bf3daeac0
  trnd-mvp: 2018-07-18T09:19:33-04:00   d5a62a09ed5461dc98994e9bf3daeac0
locales/es.json:
  production: 2018-07-09T19:44:17+01:00   d344a90992ec4af5724e01fb0c51bbd6
  trnd-mvp: 2018-07-18T09:20:03-04:00   d344a90992ec4af5724e01fb0c51bbd6
locales/fr.json:
  production: 2018-07-09T19:44:17+01:00   34a09715e4d804c1fc04dac27cc14426
  trnd-mvp: 2018-07-18T09:19:49-04:00   34a09715e4d804c1fc04dac27cc14426
locales/pt-BR.json:
  production: 2018-07-09T19:44:17+01:00   0e7c3242c13fcc18336dc9255a4064c5
  trnd-mvp: 2018-07-18T09:19:51-04:00   0e7c3242c13fcc18336dc9255a4064c5
locales/pt-PT.json:
  production: 2018-07-09T19:44:17+01:00   08395a8be7ed9ed39dfb0eaa3e42b466
  trnd-mvp: 2018-07-18T09:20:06-04:00   08395a8be7ed9ed39dfb0eaa3e42b466
sections/age-checker.liquid:
  production: 2018-07-09T19:44:12+01:00   fdb2efc9476c93a39f3f9b9955557b3b
  trnd-mvp: 2018-07-18T09:20:14-04:00   fdb2efc9476c93a39f3f9b9955557b3b
sections/article-template.liquid:
  production: 2018-07-09T19:44:12+01:00   cd711deb6b42bda1afa5b379aecd6b3b
  trnd-mvp: 2018-07-18T09:19:52-04:00   cd711deb6b42bda1afa5b379aecd6b3b
sections/blog-template.liquid:
  production: 2018-07-09T19:44:12+01:00   a9693da89925c17c0d6d3f71bcfaf395
  trnd-mvp: 2018-07-18T09:19:48-04:00   a9693da89925c17c0d6d3f71bcfaf395
sections/collection-template.liquid:
  production: 2018-07-23T15:28:01+01:00   b83b45349cd1a96fb055b08014434b39
  trnd-mvp: 2018-07-23T10:27:58-04:00   b83b45349cd1a96fb055b08014434b39
sections/footer.liquid:
  production: 2018-07-18T14:27:49+01:00   e7c275f0c9c1cba26724cabae421c252
  trnd-mvp: 2018-07-23T06:09:33-04:00   e7c275f0c9c1cba26724cabae421c252
sections/header.liquid:
  production: 2018-07-09T19:44:13+01:00   f4a0035a3ec665b113dd1ccfc3b0d5aa
  trnd-mvp: 2018-07-18T09:19:32-04:00   f4a0035a3ec665b113dd1ccfc3b0d5aa
sections/home-blog.liquid:
  production: 2018-07-09T19:44:13+01:00   6c6a4946be0b6fde5429eb2acb63b365
  trnd-mvp: 2018-07-18T09:20:05-04:00   6c6a4946be0b6fde5429eb2acb63b365
sections/home-collection-list.liquid:
  production: 2018-07-09T19:44:13+01:00   3284d714e3d90b51a3a392c7967fc622
  trnd-mvp: 2018-07-18T09:20:07-04:00   3284d714e3d90b51a3a392c7967fc622
sections/home-collection.liquid:
  production: 2018-07-09T19:44:13+01:00   40efc77a3316eb0a43c036b24e1775b7
  trnd-mvp: 2018-07-18T09:19:33-04:00   40efc77a3316eb0a43c036b24e1775b7
sections/home-content.liquid:
  production: 2018-07-09T19:44:13+01:00   3b5b36946592c0bd41e4440d95f9e331
  trnd-mvp: 2018-07-18T09:20:12-04:00   3b5b36946592c0bd41e4440d95f9e331
sections/home-custom.liquid:
  production: 2018-07-09T19:44:13+01:00   89e1c33f65e9b51d31482964d49b80d2
  trnd-mvp: 2018-07-18T09:19:58-04:00   89e1c33f65e9b51d31482964d49b80d2
sections/home-delivery.liquid:
  production: 2018-07-09T19:44:13+01:00   cab552f91bb532d289e1b8b2bc1810df
  trnd-mvp: 2018-07-18T09:19:39-04:00   cab552f91bb532d289e1b8b2bc1810df
sections/home-events.liquid:
  production: 2018-07-09T19:44:13+01:00   3a734ad72be8e2427baab173de76f221
  trnd-mvp: 2018-07-18T09:19:48-04:00   3a734ad72be8e2427baab173de76f221
sections/home-html.liquid:
  production: 2018-07-09T19:44:13+01:00   99eb1c442b24ea483d733b4ae65c0b93
  trnd-mvp: 2018-07-18T09:19:39-04:00   99eb1c442b24ea483d733b4ae65c0b93
sections/home-image-grid.liquid:
  production: 2018-07-09T19:44:13+01:00   382a92bffeea7c3ea5331444e54099f1
  trnd-mvp: 2018-07-18T09:19:58-04:00   382a92bffeea7c3ea5331444e54099f1
sections/home-image-slideshow.liquid:
  production: 2018-07-09T19:44:13+01:00   246fc04bcc96c4ce0722b1d367fe3d49
  trnd-mvp: 2018-07-18T09:20:00-04:00   246fc04bcc96c4ce0722b1d367fe3d49
sections/home-image-text.liquid:
  production: 2018-07-09T19:44:13+01:00   5eefac7d80bc5b5d21bca3c7cf507cce
  trnd-mvp: 2018-07-18T09:20:02-04:00   5eefac7d80bc5b5d21bca3c7cf507cce
sections/home-instagram.liquid:
  production: 2018-07-09T19:44:13+01:00   7885ae7e725b6c224e2e098595eb4ea9
  trnd-mvp: 2018-07-18T09:19:47-04:00   7885ae7e725b6c224e2e098595eb4ea9
sections/home-map.liquid:
  production: 2018-07-09T19:44:13+01:00   c3a00df67ee00f0ae5709c16776e694a
  trnd-mvp: 2018-07-18T09:20:08-04:00   c3a00df67ee00f0ae5709c16776e694a
sections/home-newsletter.liquid:
  production: 2018-07-09T19:44:14+01:00   79f9ad08642af258f963e16ffce084e6
  trnd-mvp: 2018-07-18T09:19:35-04:00   79f9ad08642af258f963e16ffce084e6
sections/home-product.liquid:
  production: 2018-07-09T19:44:14+01:00   217f0feb9bcc7f53283343f6bae8ec08
  trnd-mvp: 2018-07-18T09:19:38-04:00   217f0feb9bcc7f53283343f6bae8ec08
sections/home-rich-text.liquid:
  production: 2018-07-09T19:44:14+01:00   83ff320699a3345976ab737fa7d76a45
  trnd-mvp: 2018-07-18T09:19:40-04:00   83ff320699a3345976ab737fa7d76a45
sections/home-slideshow.liquid:
  production: 2018-07-09T19:44:14+01:00   59d42363feff516f32b2c7b12b15d099
  trnd-mvp: 2018-07-18T09:19:36-04:00   59d42363feff516f32b2c7b12b15d099
sections/home-text-columns.liquid:
  production: 2018-07-09T19:44:14+01:00   1530746cfe7f7cca6a77cc349169f03f
  trnd-mvp: 2018-07-18T09:19:42-04:00   1530746cfe7f7cca6a77cc349169f03f
sections/home-video.liquid:
  production: 2018-07-09T19:44:14+01:00   ff48c78d281d94962707f7d801ca59d1
  trnd-mvp: 2018-07-18T09:19:42-04:00   ff48c78d281d94962707f7d801ca59d1
sections/list-collections-template.liquid:
  production: 2018-07-09T19:44:14+01:00   34522883ee9216ec904962a273b2b1ff
  trnd-mvp: 2018-07-18T09:19:38-04:00   34522883ee9216ec904962a273b2b1ff
sections/mobile-drawer.liquid:
  production: 2018-07-09T19:44:14+01:00   87c852fa4e294b21901fcd2996a3515d
  trnd-mvp: 2018-07-18T09:19:59-04:00   87c852fa4e294b21901fcd2996a3515d
sections/password-content.liquid:
  production: 2018-07-09T19:44:14+01:00   43008f78f600f4442643ab2a5a224171
  trnd-mvp: 2018-07-18T09:19:34-04:00   43008f78f600f4442643ab2a5a224171
sections/password-header.liquid:
  production: 2018-07-09T19:44:14+01:00   c4101060e1fad6f99d9ce5afc738d83a
  trnd-mvp: 2018-07-18T09:19:46-04:00   c4101060e1fad6f99d9ce5afc738d83a
sections/product-template.liquid:
  production: 2018-07-24T10:38:30+01:00   54034866ab346349ad907ed7ae136dcb
  trnd-mvp: 2018-07-24T08:27:08-04:00   54034866ab346349ad907ed7ae136dcb
sections/promo-pop.liquid:
  production: 2018-07-21T13:20:07+01:00   313d0d921c5fc6e30ea9ca8d22215074
  trnd-mvp: 2018-07-23T06:09:29-04:00   313d0d921c5fc6e30ea9ca8d22215074
snippets/ajax-cart-template.liquid:
  production: 2018-07-18T13:14:05+01:00   3d70f16448878137dde85b184916a428
  trnd-mvp: 2018-07-18T09:20:09-04:00   3d70f16448878137dde85b184916a428
snippets/bgset.liquid:
  production: 2018-07-09T19:44:17+01:00   85889bbc39b57621f32fad66317366fc
  trnd-mvp: 2018-01-15T06:07:39-05:00   85889bbc39b57621f32fad66317366fc
snippets/bk-tracking.liquid:
  production: 2018-07-20T21:25:21+01:00   06843f7cf54ce89908e3c689b0eecd85
  trnd-mvp: 2018-07-23T06:09:27-04:00   06843f7cf54ce89908e3c689b0eecd85
snippets/blog-grid-item.liquid:
  production: 2018-07-09T19:44:17+01:00   389f3ee8f9a67716711cd4295c1fb829
  trnd-mvp: 2018-07-18T09:19:51-04:00   389f3ee8f9a67716711cd4295c1fb829
snippets/collection-grid-item.liquid:
  production: 2018-07-09T19:44:18+01:00   88f7e5078bc6fe2b70ef331f3e23b376
  trnd-mvp: 2018-07-18T09:19:49-04:00   88f7e5078bc6fe2b70ef331f3e23b376
snippets/collections.custom_fields.liquid:
  production: 2018-07-20T16:11:44+01:00   3afb240121e2aba02748ddf4622505b5
  trnd-mvp: 2018-07-09T06:38:05-04:00   3afb240121e2aba02748ddf4622505b5
snippets/currencies.liquid:
  production: 2018-07-09T19:44:18+01:00   bb75b3e53759ec06440762840c35fef9
  trnd-mvp: 2018-07-18T09:20:05-04:00   bb75b3e53759ec06440762840c35fef9
snippets/custom_fields.collections.about_active.liquid:
  production: 2018-07-20T16:11:41+01:00   a00702e224961a35fdb86576bd5af527
  trnd-mvp: 2018-07-23T06:09:24-04:00   a00702e224961a35fdb86576bd5af527
snippets/custom_fields.collections.about_image_url.liquid:
  production: 2018-07-20T16:11:42+01:00   c3759c0a11b600cfa82e9b8f955e473c
  trnd-mvp: 2018-07-23T06:09:33-04:00   c3759c0a11b600cfa82e9b8f955e473c
snippets/custom_fields.collections.about_text.liquid:
  production: 2018-07-20T16:11:42+01:00   8e6bbfeef7fc51b812187afe715478ed
  trnd-mvp: 2018-07-23T06:09:32-04:00   8e6bbfeef7fc51b812187afe715478ed
snippets/custom_fields.collections.about_title.liquid:
  production: 2018-07-20T16:11:41+01:00   826d39f856060784cfcf62fbc9aec24f
  trnd-mvp: 2018-07-23T06:09:23-04:00   826d39f856060784cfcf62fbc9aec24f
snippets/custom_fields.collections.about_video_active.liquid:
  production: 2018-07-20T16:11:42+01:00   85621411545cf35a9cf998f39ac65f99
  trnd-mvp: 2018-07-23T06:09:34-04:00   85621411545cf35a9cf998f39ac65f99
snippets/custom_fields.collections.about_video_url.liquid:
  production: 2018-07-20T16:11:42+01:00   1c05267e9a8bdc449351dff0bd304cfd
  trnd-mvp: 2018-07-23T06:09:31-04:00   1c05267e9a8bdc449351dff0bd304cfd
snippets/custom_fields.collections.business_location.liquid:
  production: 2018-07-20T16:11:43+01:00   286f8effdb8ca36bd6ae260bbe188fb7
  trnd-mvp: 2018-07-23T06:09:35-04:00   286f8effdb8ca36bd6ae260bbe188fb7
snippets/custom_fields.collections.few_available_alert_treshold.liquid:
  production: 2018-07-20T16:13:17+01:00   5d134f1c0b2f6092a1c2b115bb6b7473
  trnd-mvp: 2018-07-23T06:09:28-04:00   5d134f1c0b2f6092a1c2b115bb6b7473
snippets/custom_fields.collections.legal_business_name.liquid:
  production: 2018-07-20T16:11:43+01:00   a3628f598dae43151c05031037975ead
  trnd-mvp: 2018-07-23T06:09:27-04:00   a3628f598dae43151c05031037975ead
snippets/custom_fields.collections.produce_on_demand.liquid:
  production: 2018-07-20T16:11:43+01:00   7ac16c04cdcdf41aa2b1ba0ea6f24d08
  trnd-mvp: 2018-07-23T06:09:30-04:00   7ac16c04cdcdf41aa2b1ba0ea6f24d08
snippets/custom_fields.collections.shipping_timeframe.liquid:
  production: 2018-07-20T16:11:43+01:00   e40cb3a7c7d767d49c5e3fd202f7ec1c
  trnd-mvp: 2018-07-23T06:09:36-04:00   e40cb3a7c7d767d49c5e3fd202f7ec1c
snippets/product-grid-item.liquid:
  production: 2018-07-23T11:02:49+01:00   bfb932d6eb27a2d21862a587173ed1fd
  trnd-mvp: 2018-07-23T06:09:31-04:00   bfb932d6eb27a2d21862a587173ed1fd
snippets/product-price.liquid:
  production: 2018-07-18T11:48:30+01:00   2fceacf96c104865d1c0df502ac945f4
  trnd-mvp: 2018-07-18T09:19:56-04:00   2fceacf96c104865d1c0df502ac945f4
snippets/social-meta-tags.liquid:
  production: 2018-07-20T17:23:41+01:00   38f8894fa0e92e05d980e72e8961ab6a
  trnd-mvp: 2018-07-23T06:09:23-04:00   38f8894fa0e92e05d980e72e8961ab6a
templates/404.liquid:
  production: 2018-07-09T19:44:18+01:00   c549b931362f6fb6709873e8daa6bc9c
  trnd-mvp: 2018-07-18T09:19:37-04:00   c549b931362f6fb6709873e8daa6bc9c
templates/article.liquid:
  production: 2018-07-09T19:44:18+01:00   f2d8970d80f929f833c6ac18ab19462e
  trnd-mvp: 2018-07-18T09:19:45-04:00   f2d8970d80f929f833c6ac18ab19462e
templates/blog.liquid:
  production: 2018-07-09T19:44:18+01:00   d83cc3686f59028de70157c3babfbad1
  trnd-mvp: 2018-07-18T09:19:40-04:00   d83cc3686f59028de70157c3babfbad1
templates/cart.liquid:
  production: 2018-07-20T21:25:22+01:00   725599072cf22c1e218db92d192b4176
  trnd-mvp: 2018-07-23T06:09:26-04:00   725599072cf22c1e218db92d192b4176
templates/collection.liquid:
  production: 2018-07-17T12:57:51+01:00   414e87b7df331475b84a2a61c02bcec5
  trnd-mvp: 2018-07-18T09:19:46-04:00   414e87b7df331475b84a2a61c02bcec5
templates/collection.seller.liquid:
  production: 2018-07-18T14:40:05+01:00   f5828c431b327122f87cad5793058a1d
  trnd-mvp: 2018-07-18T09:40:12-04:00   f5828c431b327122f87cad5793058a1d
templates/customers/account.liquid:
  production: 2018-07-09T19:44:18+01:00   83fdb27e4d945638a5405e6ec977c758
  trnd-mvp: 2018-07-18T09:19:59-04:00   83fdb27e4d945638a5405e6ec977c758
templates/customers/activate_account.liquid:
  production: 2018-07-09T19:44:18+01:00   2db91fdaba351ca3f67de210d6765565
  trnd-mvp: 2018-07-18T09:19:52-04:00   2db91fdaba351ca3f67de210d6765565
templates/customers/addresses.liquid:
  production: 2018-07-09T19:44:18+01:00   239959e593dfd74285045d8f9f75de00
  trnd-mvp: 2018-07-18T09:19:50-04:00   239959e593dfd74285045d8f9f75de00
templates/customers/login.liquid:
  production: 2018-07-09T19:44:18+01:00   724a0784cca2b6e383def59a0e7c36c4
  trnd-mvp: 2018-07-18T09:19:34-04:00   724a0784cca2b6e383def59a0e7c36c4
templates/customers/order.liquid:
  production: 2018-07-09T19:44:18+01:00   8e1b1bd811b40a1c73ad8738c01ca9f2
  trnd-mvp: 2018-07-18T09:20:15-04:00   8e1b1bd811b40a1c73ad8738c01ca9f2
templates/customers/register.liquid:
  production: 2018-07-09T19:44:18+01:00   0d764759b3c4bdad446ec735239f4f44
  trnd-mvp: 2018-07-18T09:19:54-04:00   0d764759b3c4bdad446ec735239f4f44
templates/customers/reset_password.liquid:
  production: 2018-07-09T19:44:18+01:00   34053a7ab47d64171765899a28a5d76c
  trnd-mvp: 2018-07-18T09:19:31-04:00   34053a7ab47d64171765899a28a5d76c
templates/gift_card.liquid:
  production: 2018-07-09T19:44:18+01:00   7f9fbc640553ca172639f51baaaeb7e8
  trnd-mvp: 2018-07-18T09:19:56-04:00   7f9fbc640553ca172639f51baaaeb7e8
templates/index.liquid:
  production: 2018-07-09T19:44:18+01:00   034564da719f1f503f71c6638210c15a
  trnd-mvp: 2018-07-18T09:19:55-04:00   034564da719f1f503f71c6638210c15a
templates/list-collections.liquid:
  production: 2018-07-09T19:44:18+01:00   b8cec2079d90b9b05bafa46ad2852222
  trnd-mvp: 2018-07-18T09:20:02-04:00   b8cec2079d90b9b05bafa46ad2852222
templates/page.contact.liquid:
  production: 2018-07-09T19:44:18+01:00   b55418fc4d9d080b8d31fd33dd088471
  trnd-mvp: 2018-07-18T09:19:41-04:00   b55418fc4d9d080b8d31fd33dd088471
templates/page.full-width.liquid:
  production: 2018-07-09T19:44:18+01:00   6c90795fecd346bfbe2a308f7fd31adb
  trnd-mvp: 2018-07-18T09:19:32-04:00   6c90795fecd346bfbe2a308f7fd31adb
templates/page.liquid:
  production: 2018-07-09T19:44:18+01:00   e22648d6fdbe1255fc81eb2092919d7a
  trnd-mvp: 2018-07-18T09:19:30-04:00   e22648d6fdbe1255fc81eb2092919d7a
templates/page.wide.liquid:
  production: 2018-07-09T19:44:19+01:00   3febad8d68ca13456562ff5986de9344
  trnd-mvp: 2018-07-18T09:19:37-04:00   3febad8d68ca13456562ff5986de9344
templates/password.liquid:
  production: 2018-07-09T19:44:19+01:00   a8c1530544d2d2625e0867c930573afd
  trnd-mvp: 2018-07-18T09:19:30-04:00   a8c1530544d2d2625e0867c930573afd
templates/product.liquid:
  production: 2018-07-09T19:44:19+01:00   4fbf88c43dea321b06f3d63e7371cdd1
  trnd-mvp: 2018-07-18T09:20:13-04:00   4fbf88c43dea321b06f3d63e7371cdd1
templates/search.liquid:
  production: 2018-07-09T19:44:19+01:00   8e00ea0d13293b6f3c9ccca925266e31
  trnd-mvp: 2018-07-18T09:20:10-04:00   8e00ea0d13293b6f3c9ccca925266e31
