# THIS IS AN AUTOGENERATED FILE. DO NOT EDIT THIS FILE DIRECTLY.
assets/ajax-loader.gif:
  development: 2018-01-15T06:07:37-05:00   deca8b0ecd6974227d157b6d7068995d
assets/app.js:
  development: 2018-04-23T19:06:02-04:00   ec4b779695ecb1c9242377367227cae2
assets/gift-card.js:
  development: 2018-01-15T06:07:37-05:00   c73df2ee57cc9eb577f7a1858063495d
assets/gift-card.scss.liquid:
  development: 2018-03-29T05:56:09-04:00   f61fb55a0d90c5ea1137434da8a83e27
assets/homepage.scss.liquid:
  development: 2018-04-23T19:09:59-04:00   a137b9c0d918840689afa37316e759ae
assets/ico-select.svg.liquid:
  development: 2018-01-15T06:07:38-05:00   28de0c672609528b7c55f6f47810784b
assets/lazysizes.js:
  development: 2018-01-15T06:07:38-05:00   a27b15d827d7a26f9fa58fb6b4f9d4b6
assets/match-media.min.js:
  development: 2018-01-15T06:07:38-05:00   d0bf06c458a236dcca39b3be8cf80ec5
assets/password.js:
  development: 2018-01-15T06:07:38-05:00   d826da9cb223a44d53a0c34f457e92dc
assets/theme-custom.scss.liquid:
  development: 2018-04-23T18:09:10-04:00   056d90563f945a8ddcb5c2741e42995c
assets/theme-custom2.scss.liquid:
  development: 2018-04-23T17:42:43-04:00   0de3be28376f1254eb4bfc3831cbd675
assets/theme.js:
  development: 2018-01-15T06:07:38-05:00   b50b8c8a74107fa49eed6bf5b802166d
assets/theme.scss.liquid:
  development: 2018-04-23T17:58:30-04:00   0ee13b127690e527a406badedc8bb8a4
assets/vendor.js:
  development: 2018-01-15T06:07:38-05:00   cb7c4217c9b6feb844647b361accfe6c
config/settings_schema.json:
  development: 2018-01-15T10:10:57-05:00   fd464795164f71e1ec7317f2f2e10dbd
layout/gift_card.liquid:
  development: 2018-01-15T06:07:38-05:00   876374b0950e11992ce087d1d2bad3c8
layout/password.liquid:
  development: 2018-01-15T06:07:39-05:00   6351674ea67c53e01643a5bea02f7d0a
layout/theme.liquid:
  development: 2018-04-06T07:52:39-04:00   c59aab93776daed728b2d0c38aff9ebe
locales/de.json:
  development: 2018-01-22T09:51:34-05:00   62f178d1e0a8f21f92910486e0c47812
locales/en.default.json:
  development: 2018-03-22T05:59:38-04:00   b6bf91ca30669a64f43829f6fa2c448c
locales/es.json:
  development: 2018-01-15T06:07:39-05:00   1f7faec878ecdbd841a874f20548c252
locales/fr.json:
  development: 2018-01-15T06:07:39-05:00   6a7a530503406291c810ad803e1ae7d3
locales/it.json:
  development: 2018-01-15T06:07:39-05:00   1e9bf18e791cca0b5c22210f65193234
locales/ja.json:
  development: 2018-01-15T06:07:39-05:00   d37fd5030ba34cadec9ea376c939f2a1
locales/pt-BR.json:
  development: 2018-01-15T06:07:39-05:00   e34f8234dadd2e978e7d60c45069cda8
locales/pt-PT.json:
  development: 2018-01-15T06:07:39-05:00   9753246c7cfeeb72638f4df3170e0566
sections/article-template.liquid:
  development: 2018-01-15T06:07:36-05:00   6850937aeb295fae74ca4dec2a6922bb
sections/blog-template.liquid:
  development: 2018-01-15T06:07:36-05:00   5757170836346c1082ffba4ef408857e
sections/cart-template.liquid:
  development: 2018-01-22T11:15:11-05:00   adab4b0ec2528b18d2c5adb2d80e4922
sections/collection-list.liquid:
  development: 2018-01-15T06:07:36-05:00   a55d61b95ff71917adad276c41ee1dc0
sections/collection-template.liquid:
  development: 2018-04-04T05:15:04-04:00   15f30f85712e0bb0d88280949d0d3485
sections/collection.liquid:
  development: 2018-01-30T07:04:19-05:00   2dc1c17e59834407da6d0b1263c5cbcc
sections/custom-content.liquid:
  development: 2018-01-29T13:09:29-05:00   9abed1c1562136145fb81ea24137c7ac
sections/feature-columns.liquid:
  development: 2018-01-15T06:07:36-05:00   7ee793287ae4e364423ed47d32ad34af
sections/feature-row.liquid:
  development: 2018-01-15T06:07:36-05:00   bde08223943123aaf565f941cabf86e4
sections/featured-blog.liquid:
  development: 2018-01-15T06:07:36-05:00   9a1edbe837a0e23ee0b4aa7e024db613
sections/featured-product.liquid:
  development: 2018-01-15T06:07:36-05:00   9c2cd13b0e7e12c4468426c6119eb30e
sections/footer.liquid:
  development: 2018-03-28T07:54:18-04:00   58aa8382f1b05c64c24aeafcdf224731
sections/header.liquid:
  development: 2018-01-17T07:21:01-05:00   bfdbe4144c7cdd8170c62b91748370c9
sections/hero.liquid:
  development: 2018-01-15T06:07:36-05:00   d45cf37312b64d6e7511bdba56256758
sections/image-bar.liquid:
  development: 2018-01-15T06:07:36-05:00   aa3e620e7da9659ad6c8a55ca2e596a8
sections/list-collections-template.liquid:
  development: 2018-01-15T06:07:36-05:00   3039da18483e52dcf6e6d354ac533cb6
sections/logo-bar.liquid:
  development: 2018-01-15T06:07:36-05:00   be9fbe5af92667ee59e0b2198d02944c
sections/map.liquid:
  development: 2018-01-15T06:07:36-05:00   e6bfab6213264f929e50e67ca23701b1
sections/newsletter.liquid:
  development: 2018-01-15T06:07:36-05:00   e5e3b7216b1f6352652611995b8091f7
sections/password-content.liquid:
  development: 2018-01-31T05:07:29-05:00   a3f9a878372b9cc4908dedc0257b9c0e
sections/password-footer.liquid:
  development: 2018-03-28T07:53:36-04:00   0c543736abf1ace6be7207be17195203
sections/password-header.liquid:
  development: 2018-01-15T06:07:37-05:00   96c731183fa1c3f2f87ca66501494897
sections/product-template.liquid:
  development: 2018-04-23T18:19:55-04:00   d21f662c23e00e60f5abde74f11bd9fa
sections/quotes.liquid:
  development: 2018-01-15T06:07:37-05:00   b234ffff9a061befe87a0d69a121af1c
sections/rich-text.liquid:
  development: 2018-01-15T06:07:37-05:00   d25fb0e1575242ba565b129eff3dd1b8
sections/slideshow.liquid:
  development: 2018-01-15T06:07:37-05:00   b45e3880ca33f6ac6de7c2b5eb9dd40b
snippets/back-button.liquid:
  development: 2018-01-22T10:43:18-05:00   a975f33ff8e5d214e4e9c4550b279d08
snippets/bgset.liquid:
  development: 2018-01-15T06:07:39-05:00   85889bbc39b57621f32fad66317366fc
snippets/collection-grid-item.liquid:
  development: 2018-01-15T06:07:39-05:00   209c8abd3531c95e503636cc520dd9ca
snippets/collection-item-header.liquid:
  development: 2018-01-23T06:22:43-05:00
snippets/comment.liquid:
  development: 2018-01-15T06:07:39-05:00   50406c82467014e1bbe15a62685b2536
snippets/feed-item-header.liquid:
  development: 2018-04-03T08:06:50-04:00   bebab1eca9c01585d7793bb6ef6de4fa
snippets/google-fonts.liquid:
  development: 2018-01-15T06:07:39-05:00   377ddc183ac7882100f47299bb8e0467
snippets/icon-amazon_payments.liquid:
  development: 2018-01-15T06:07:39-05:00   f1ad8ba26dd5b98117703ede5357e408
snippets/icon-american_express.liquid:
  development: 2018-01-15T06:07:39-05:00   9da829decce6867b8de60a183c94d099
snippets/icon-apple_pay.liquid:
  development: 2018-01-15T06:07:39-05:00   e82e7acc46479ea2173926f8fad55db0
snippets/icon-arrow-left.liquid:
  development: 2018-01-15T06:07:39-05:00   5abf8c4c69967103f685014dcc88a6e7
snippets/icon-arrow-right.liquid:
  development: 2018-01-15T06:07:39-05:00   45f24673c43655e9275d1ba99d814374
snippets/icon-back.liquid:
  development: 2018-01-16T05:42:17-05:00   d558961d8e4718f867714f8ba1d877a8
snippets/icon-bitcoin.liquid:
  development: 2018-01-15T06:07:39-05:00   d8cb31e0401818c1cb852348b6f27420
snippets/icon-cart.liquid:
  development: 2018-01-15T06:07:39-05:00   c9de61c7db365e0090f7ca5423b633e6
snippets/icon-chevron-down.liquid:
  development: 2018-01-15T06:07:39-05:00   7d3a8cd08370aa9d2a88ae542446a181
snippets/icon-chevron-left.liquid:
  development: 2018-01-15T06:07:39-05:00   6290d56c32e8ac47abe4a4f4d90ed032
snippets/icon-chevron-right.liquid:
  development: 2018-01-15T06:07:39-05:00   41842e53e7b826a0d260e2ccffbfdab1
snippets/icon-chevron-up.liquid:
  development: 2018-01-15T06:07:39-05:00   4df1e02c8789418fc53d48e2913daf49
snippets/icon-cirrus.liquid:
  development: 2018-01-15T06:07:39-05:00   fcbd6ce7e38d7946c921c8ed6ad5ca71
snippets/icon-close.liquid:
  development: 2018-01-15T06:07:39-05:00   a04fce17a63e760b9bce76768ee29feb
snippets/icon-dankort.liquid:
  development: 2018-01-15T06:07:39-05:00   796e1e822b3e46784d303b48c9db5b29
snippets/icon-diners_club.liquid:
  development: 2018-01-15T06:07:39-05:00   cf70ea54486bb14c286264f90dab9ff8
snippets/icon-discover.liquid:
  development: 2018-01-15T06:07:39-05:00   b43221b39bc3df37f7e6c7810d3e54d8
snippets/icon-dogecoin.liquid:
  development: 2018-01-15T06:07:40-05:00   6a35f5db9eb93d1ed563c6989ff30798
snippets/icon-dwolla.liquid:
  development: 2018-01-15T06:07:40-05:00   aeb86f67aad84adaf7635d2043cb89a9
snippets/icon-facebook.liquid:
  development: 2018-01-15T06:07:40-05:00   334588042b292f2d7335fd2791c35eca
snippets/icon-forbrugsforeningen.liquid:
  development: 2018-01-15T06:07:40-05:00   ff962a94f23046340766c215b0f14a52
snippets/icon-hamburger.liquid:
  development: 2018-01-15T06:07:40-05:00   559577e06ff14924311cfe2642e8b765
snippets/icon-instagram.liquid:
  development: 2018-01-15T06:07:40-05:00   bf50214819f6e2a5f053593e2414526d
snippets/icon-interac.liquid:
  development: 2018-01-15T06:07:40-05:00   24c4d22a98c0574c32fc02fe39e34b80
snippets/icon-jcb.liquid:
  development: 2018-01-15T06:07:40-05:00   275259ce80a1b368d0e5afcf7d6bb6f3
snippets/icon-laser.liquid:
  development: 2018-01-15T06:07:40-05:00   bd1a0ecfe958b6a6e84bf80e0669a6da
snippets/icon-litecoin.liquid:
  development: 2018-01-15T06:07:40-05:00   051dfcb36fa17b532a087b12f0a49e0e
snippets/icon-lock.liquid:
  development: 2018-01-15T06:07:40-05:00   60ae7ba03d14efa582faed8855821a58
snippets/icon-login.liquid:
  development: 2018-01-15T06:07:40-05:00   9a74bdaac402576390ca1dbdc9e7869c
snippets/icon-maestro.liquid:
  development: 2018-01-15T06:07:40-05:00   b987e558ecad607661489939ec8ca524
snippets/icon-master.liquid:
  development: 2018-01-15T06:07:40-05:00   7be93970b63c2fd0e2b319a35c00a9d7
snippets/icon-minus.liquid:
  development: 2018-01-15T06:07:40-05:00   78c513424d498299e865f8a242823ad0
snippets/icon-pause.liquid:
  development: 2018-01-15T06:07:40-05:00   99e785a63af3ab0a7ccd9c5551ea8910
snippets/icon-paypal.liquid:
  development: 2018-01-15T06:07:40-05:00   1b0d7db160b229b8519cccf2514ee676
snippets/icon-pin.liquid:
  development: 2018-01-15T06:07:40-05:00   694162388571d6142ec30bc299d8ac91
snippets/icon-pinterest.liquid:
  development: 2018-01-15T06:07:40-05:00   701f2a785b3fa83d63e3ab54af060031
snippets/icon-play-video.liquid:
  development: 2018-01-15T06:07:40-05:00   f0b736a271f33b83b319b2d04e61aa2b
snippets/icon-play.liquid:
  development: 2018-01-15T06:07:40-05:00   31ff2901a9fd0f32ebc4c05748e7aa5d
snippets/icon-plus.liquid:
  development: 2018-01-15T06:07:40-05:00   ba5297f64eb7ea97f1785e8166e11231
snippets/icon-quote.liquid:
  development: 2018-01-15T06:07:40-05:00   e710949f7a142dfc3c4fac15c33bb2fa
snippets/icon-rss.liquid:
  development: 2018-01-15T06:07:40-05:00   6493d6bcb850513a55823d4ff62b0f8b
snippets/icon-search.liquid:
  development: 2018-01-15T06:07:40-05:00   7a6bf8d43770ed3a16cb22001718b87e
snippets/icon-shopify-logo.liquid:
  development: 2018-01-15T06:07:40-05:00   3f0b70f9e01be5b25507d25a732ecde7
snippets/icon-snapchat.liquid:
  development: 2018-01-15T06:07:40-05:00   9ed6937e3232c9034976be2b8ed9f673
snippets/icon-stripe.liquid:
  development: 2018-01-15T06:07:41-05:00   208713954dff9de98f800df59763615d
snippets/icon-tumblr.liquid:
  development: 2018-01-15T06:07:41-05:00   d71a4ada77a8a9b6bd792bdafef393de
snippets/icon-twitter.liquid:
  development: 2018-01-15T06:07:41-05:00   24047c22697a23a0baabf2804adc6c11
snippets/icon-vimeo.liquid:
  development: 2018-01-15T06:07:41-05:00   a229ed8a1a81e6ef95ad621f8a34efb6
snippets/icon-visa.liquid:
  development: 2018-01-15T06:07:41-05:00   9098533cd59e385d2672f6d8b7fa4b04
snippets/icon-youtube.liquid:
  development: 2018-01-15T06:07:41-05:00   9d72c5bc3eaa14a3e7aefd921881b1ae
snippets/image-style.liquid:
  development: 2018-01-15T06:07:41-05:00   2d807ad1f4831d306d8e190b89d45c00
snippets/no-blocks.liquid:
  development: 2018-01-15T06:07:41-05:00   0cb7d758b6df0feb07ae5804b4b627fa
snippets/pagination.liquid:
  development: 2018-01-15T06:07:41-05:00   21eb22fbf93da5d96f2d111ce4784463
snippets/product-card-grid.liquid:
  development: 2018-03-28T08:45:25-04:00   508448588c46303ffeb81a7deb7d1b2a
snippets/product-card-list.liquid:
  development: 2018-01-15T06:07:41-05:00   701fa6db04bd9c70283028cc4274fc2f
snippets/product-page-header.liquid:
  development: 2018-04-03T08:06:50-04:00   2c6d16d12bd3e38841ebe03374f6a354
snippets/product-price.liquid:
  development: 2018-01-15T06:07:41-05:00   6f6d1b55d488d08b5af74f762fa0a528
snippets/search-form.liquid:
  development: 2018-01-15T06:07:41-05:00   28a50f2542fd28c27fd3eb50ae816c46
snippets/site-nav.liquid:
  development: 2018-01-15T06:07:41-05:00   27eb9fe21a2c8d2d3fe5a89767925cc6
snippets/social-meta-tags.liquid:
  development: 2018-01-15T06:07:41-05:00   ae9e213401623b2601abf0ace8e21537
snippets/social-sharing.liquid:
  development: 2018-01-15T06:07:41-05:00   df66127392b32e401ac2dd2963c78047
templates/404.liquid:
  development: 2018-01-15T06:07:41-05:00   805b16263cdf5c85be9c507ad6b03623
templates/article.liquid:
  development: 2018-01-15T06:07:41-05:00   ee81292ccbf409a609d95a6d1a89d94f
templates/blog.liquid:
  development: 2018-01-15T06:07:41-05:00   2d9763b480fe6879080163b1e0e33e54
templates/cart.liquid:
  development: 2018-01-15T06:07:41-05:00   714b4b7c62d583b231f339bbd1b85d03
templates/collection.liquid:
  development: 2018-01-31T07:20:51-05:00   5db0256874fca1cc72a6f068888fe095
templates/customers/account.liquid:
  development: 2018-01-31T07:59:40-05:00   ee8d6da9ec5cfa0ce281a818ee4bbf9c
templates/customers/activate_account.liquid:
  development: 2018-01-15T06:07:41-05:00   857243216dbada72fb0fc9bc256da757
templates/customers/addresses.liquid:
  development: 2018-01-22T11:40:21-05:00   05ff14f3820eb40f66af3ffd1557867d
templates/customers/login.liquid:
  development: 2018-03-22T06:19:01-04:00   80a8e1553e38e4a3f33fc3b8324c8a7d
templates/customers/order.liquid:
  development: 2018-01-15T06:07:41-05:00   e6fc7179a5a3904781b3847d8ef8c0f7
templates/customers/register.liquid:
  development: 2018-03-19T07:13:07-04:00   66135e33b3211655825f4f1bed9209e3
templates/customers/reset_password.liquid:
  development: 2018-01-15T06:07:41-05:00   e80703307e36b8b5dd428463bace82cc
templates/gift_card.liquid:
  development: 2018-01-15T06:07:41-05:00   16c95e9922ddd30e37f0cf018e86597c
templates/index.liquid:
  development: 2018-03-28T06:57:22-04:00   d5a68b68d74bed74cc75ed105ae08035
templates/list-collections.liquid:
  development: 2018-01-30T07:07:10-05:00   d42f6d6957169811896f646709d353d9
templates/page.contact.liquid:
  development: 2018-01-15T06:07:41-05:00   854f7fd02acf64bc9ce31bfd6994f791
templates/page.liquid:
  development: 2018-01-15T06:07:42-05:00   26f97d3355078de5c6678ed3b34ad7f6
templates/password.liquid:
  development: 2018-01-15T06:07:42-05:00   30d1743d26765ce8c3fa53a3fdf9524f
templates/product.liquid:
  development: 2018-01-15T06:07:42-05:00   104c9411752892755502b61349a31329
templates/search.liquid:
  development: 2018-01-15T06:07:42-05:00   6e8bfd01622f992bf20c908bfb83337d
